
Microsoft Visual Studio Solution File, Format Version 12.00
# Visual Studio 15
VisualStudioVersion = 15.0.27130.2036
MinimumVisualStudioVersion = 10.0.40219.1
Project("{FAE04EC0-301F-11D3-BF4B-00C04F79EFBC}") = "Threads", "Threads\Threads.csproj", "{7581206C-E18A-438F-8FF7-305548A7BBFD}"
EndProject
Global
	GlobalSection(SolutionConfigurationPlatforms) = preSolution
		Debug|Any CPU = Debug|Any CPU
		Release|Any CPU = Release|Any CPU
	EndGlobalSection
	GlobalSection(ProjectConfigurationPlatforms) = postSolution
		{7581206C-E18A-438F-8FF7-305548A7BBFD}.Debug|Any CPU.ActiveCfg = Debug|Any CPU
		{7581206C-E18A-438F-8FF7-305548A7BBFD}.Debug|Any CPU.Build.0 = Debug|Any CPU
		{7581206C-E18A-438F-8FF7-305548A7BBFD}.Release|Any CPU.ActiveCfg = Release|Any CPU
		{7581206C-E18A-438F-8FF7-305548A7BBFD}.Release|Any CPU.Build.0 = Release|Any CPU
	EndGlobalSection
	GlobalSection(SolutionProperties) = preSolution
		HideSolutionNode = FALSE
	EndGlobalSection
	GlobalSection(ExtensibilityGlobals) = postSolution
		SolutionGuid = {923C8C96-2226-4F28-8715-A3A3B6D95396}
	EndGlobalSection
EndGlobal
